// !$*UTF8*$!
{
	archiveVersion = 1;
	classes = {
	};
	objectVersion = 48;
	objects = {

/* Begin PBXBuildFile section */
		1557DAFE1EE8AEFA00A7BF21 /* AppDelegate.swift in Sources */ = {isa = PBXBuildFile; fileRef = 1557DAFD1EE8AEFA00A7BF21 /* AppDelegate.swift */; };
		1557DB001EE8AEFA00A7BF21 /* ViewController.swift in Sources */ = {isa = PBXBuildFile; fileRef = 1557DAFF1EE8AEFA00A7BF21 /* ViewController.swift */; };
		1557DB031EE8AEFA00A7BF21 /* Main.storyboard in Resources */ = {isa = PBXBuildFile; fileRef = 1557DB011EE8AEFA00A7BF21 /* Main.storyboard */; };
		1557DB051EE8AEFA00A7BF21 /* Assets.xcassets in Resources */ = {isa = PBXBuildFile; fileRef = 1557DB041EE8AEFA00A7BF21 /* Assets.xcassets */; };
		1557DB081EE8AEFA00A7BF21 /* LaunchScreen.storyboard in Resources */ = {isa = PBXBuildFile; fileRef = 1557DB061EE8AEFA00A7BF21 /* LaunchScreen.storyboard */; };
		1557DB101EE8B00F00A7BF21 /* Inceptionv3.mlmodel in Sources */ = {isa = PBXBuildFile; fileRef = 1557DB0F1EE8B00E00A7BF21 /* Inceptionv3.mlmodel */; };
/* End PBXBuildFile section */

/* Begin PBXFileReference section */
		152EFFED1EEB163500EF9ED9 /* README.md */ = {isa = PBXFileReference; lastKnownFileType = net.daringfireball.markdown; path = README.md; sourceTree = "<group>"; };
		1557DAFA1EE8AEFA00A7BF21 /* MachineLearningClassifier.app */ = {isa = PBXFileReference; explicitFileType = wrapper.application; includeInIndex = 0; path = MachineLearningClassifier.app; sourceTree = BUILT_PRODUCTS_DIR; };
		1557DAFD1EE8AEFA00A7BF21 /* AppDelegate.swift */ = {isa = PBXFileReference; lastKnownFileType = sourcecode.swift; path = AppDelegate.swift; sourceTree = "<group>"; };
		1557DAFF1EE8AEFA00A7BF21 /* ViewController.swift */ = {isa = PBXFileReference; lastKnownFileType = sourcecode.swift; path = ViewController.swift; sourceTree = "<group>"; };
		1557DB021EE8AEFA00A7BF21 /* Base */ = {isa = PBXFileReference; lastKnownFileType = file.storyboard; name = Base; path = Base.lproj/Main.storyboard; sourceTree = "<group>"; };
		1557DB041EE8AEFA00A7BF21 /* Assets.xcassets */ = {isa = PBXFileReference; lastKnownFileType = folder.assetcatalog; path = Assets.xcassets; sourceTree = "<group>"; };
		1557DB071EE8AEFA00A7BF21 /* Base */ = {isa = PBXFileReference; lastKnownFileType = file.storyboard; name = Base; path = Base.lproj/LaunchScreen.storyboard; sourceTree = "<group>"; };
		1557DB091EE8AEFA00A7BF21 /* Info.plist */ = {isa = PBXFileReference; lastKnownFileType = text.plist.xml; path = Info.plist; sourceTree = "<group>"; };
		1557DB0F1EE8B00E00A7BF21 /* Inceptionv3.mlmodel */ = {isa = PBXFileReference; lastKnownFileType = file.mlmodel; path = Inceptionv3.mlmodel; sourceTree = "<group>"; };
/* End PBXFileReference section */

/* Begin PBXFrameworksBuildPhase section */
		1557DAF71EE8AEFA00A7BF21 /* Frameworks */ = {
			isa = PBXFrameworksBuildPhase;
			buildActionMask = 2147483647;
			files = (
			);
			runOnlyForDeploymentPostprocessing = 0;
		};
/* End PBXFrameworksBuildPhase section */

/* Begin PBXGroup section */
		1557DAF11EE8AEF900A7BF21 = {
			isa = PBXGroup;
			children = (
				152EFFED1EEB163500EF9ED9 /* README.md */,
				1557DAFC1EE8AEFA00A7BF21 /* Classes */,
				1557DB121EEA1E2B00A7BF21 /* Model */,
				1557DB111EEA1E1200A7BF21 /* Resources */,
				1557DB131EEA1E4000A7BF21 /* Supporting */,
				1557DAFB1EE8AEFA00A7BF21 /* Products */,
			);
			sourceTree = "<group>";
		};
		1557DAFB1EE8AEFA00A7BF21 /* Products */ = {
			isa = PBXGroup;
			children = (
				1557DAFA1EE8AEFA00A7BF21 /* MachineLearningClassifier.app */,
			);
			name = Products;
			sourceTree = "<group>";
		};
		1557DAFC1EE8AEFA00A7BF21 /* Classes */ = {
			isa = PBXGroup;
			children = (
				1557DAFD1EE8AEFA00A7BF21 /* AppDelegate.swift */,
				1557DAFF1EE8AEFA00A7BF21 /* ViewController.swift */,
			);
			path = Classes;
			sourceTree = "<group>";
		};
		1557DB111EEA1E1200A7BF21 /* Resources */ = {
			isa = PBXGroup;
			children = (
				1557DB061EE8AEFA00A7BF21 /* LaunchScreen.storyboard */,
				1557DB011EE8AEFA00A7BF21 /* Main.storyboard */,
				1557DB041EE8AEFA00A7BF21 /* Assets.xcassets */,
			);
			path = Resources;
			sourceTree = "<group>";
		};
		1557DB121EEA1E2B00A7BF21 /* Model */ = {
			isa = PBXGroup;
			children = (
				1557DB0F1EE8B00E00A7BF21 /* Inceptionv3.mlmodel */,
			);
			path = Model;
			sourceTree = "<group>";
		};
		1557DB131EEA1E4000A7BF21 /* Supporting */ = {
			isa = PBXGroup;
			children = (
				1557DB091EE8AEFA00A7BF21 /* Info.plist */,
			);
			path = Supporting;
			sourceTree = "<group>";
		};
/* End PBXGroup section */

/* Begin PBXNativeTarget section */
		1557DAF91EE8AEFA00A7BF21 /* MachineLearningClassifier */ = {
			isa = PBXNativeTarget;
			buildConfigurationList = 1557DB0C1EE8AEFA00A7BF21 /* Build configuration list for PBXNativeTarget "MachineLearningClassifier" */;
			buildPhases = (
				1557DAF61EE8AEFA00A7BF21 /* Sources */,
				1557DAF71EE8AEFA00A7BF21 /* Frameworks */,
				1557DAF81EE8AEFA00A7BF21 /* Resources */,
			);
			buildRules = (
			);
			dependencies = (
			);
			name = MachineLearningClassifier;
			productName = MLTest;
			productReference = 1557DAFA1EE8AEFA00A7BF21 /* MachineLearningClassifier.app */;
			productType = "com.apple.product-type.application";
		};
/* End PBXNativeTarget section */

/* Begin PBXProject section */
		1557DAF21EE8AEF900A7BF21 /* Project object */ = {
			isa = PBXProject;
			attributes = {
				LastSwiftUpdateCheck = 0900;
				LastUpgradeCheck = 0900;
				ORGANIZATIONNAME = "Charles Scalesse";
				TargetAttributes = {
					1557DAF91EE8AEFA00A7BF21 = {
						CreatedOnToolsVersion = 9.0;
					};
				};
			};
			buildConfigurationList = 1557DAF51EE8AEF900A7BF21 /* Build configuration list for PBXProject "MachineLearningClassifier" */;
			compatibilityVersion = "Xcode 8.0";
			developmentRegion = en;
			hasScannedForEncodings = 0;
			knownRegions = (
				en,
				Base,
			);
			mainGroup = 1557DAF11EE8AEF900A7BF21;
			productRefGroup = 1557DAFB1EE8AEFA00A7BF21 /* Products */;
			projectDirPath = "";
			projectRoot = "";
			targets = (
				1557DAF91EE8AEFA00A7BF21 /* MachineLearningClassifier */,
			);
		};
/* End PBXProject section */

/* Begin PBXResourcesBuildPhase section */
		1557DAF81EE8AEFA00A7BF21 /* Resources */ = {
			isa = PBXResourcesBuildPhase;
			buildActionMask = 2147483647;
			files = (
				1557DB081EE8AEFA00A7BF21 /* LaunchScreen.storyboard in Resources */,
				1557DB051EE8AEFA00A7BF21 /* Assets.xcassets in Resources */,
				1557DB031EE8AEFA00A7BF21 /* Main.storyboard in Resources */,
			);
			runOnlyForDeploymentPostprocessing = 0;
		};
/* End PBXResourcesBuildPhase section */

/* Begin PBXSourcesBuildPhase section */
		1557DAF61EE8AEFA00A7BF21 /* Sources */ = {
			isa = PBXSourcesBuildPhase;
			buildActionMask = 2147483647;
			files = (
				1557DB001EE8AEFA00A7BF21 /* ViewController.swift in Sources */,
				1557DB101EE8B00F00A7BF21 /* Inceptionv3.mlmodel in Sources */,
				1557DAFE1EE8AEFA00A7BF21 /* AppDelegate.swift in Sources */,
			);
			runOnlyForDeploymentPostprocessing = 0;
		};
/* End PBXSourcesBuildPhase section */

/* Begin PBXVariantGroup section */
		1557DB011EE8AEFA00A7BF21 /* Main.storyboard */ = {
			isa = PBXVariantGroup;
			children = (
				1557DB021EE8AEFA00A7BF21 /* Base */,
			);
			name = Main.storyboard;
			sourceTree = "<group>";
		};
		1557DB061EE8AEFA00A7BF21 /* LaunchScreen.storyboard */ = {
			isa = PBXVariantGroup;
			children = (
				1557DB071EE8AEFA00A7BF21 /* Base */,
			);
			name = LaunchScreen.storyboard;
			sourceTree = "<group>";
		};
/* End PBXVariantGroup section */

/* Begin XCBuildConfiguration section */
		1557DB0A1EE8AEFA00A7BF21 /* Debug */ = {
			isa = XCBuildConfiguration;
			buildSettings = {
				ALWAYS_SEARCH_USER_PATHS = NO;
				CLANG_ANALYZER_NONNULL = YES;
				CLANG_ANALYZER_NUMBER_OBJECT_CONVERSION = YES_AGGRESSIVE;
				CLANG_CXX_LANGUAGE_STANDARD = "gnu++14";
				CLANG_CXX_LIBRARY = "libc++";
				CLANG_ENABLE_MODULES = YES;
				CLANG_ENABLE_OBJC_ARC = YES;
				CLANG_WARN_BLOCK_CAPTURE_AUTORELEASING = YES;
				CLANG_WARN_BOOL_CONVERSION = YES;
				CLANG_WARN_COMMA = YES;
				CLANG_WARN_CONSTANT_CONVERSION = YES;
				CLANG_WARN_DIRECT_OBJC_ISA_USAGE = YES_ERROR;
				CLANG_WARN_DOCUMENTATION_COMMENTS = YES;
				CLANG_WARN_EMPTY_BODY = YES;
				CLANG_WARN_ENUM_CONVERSION = YES;
				CLANG_WARN_INFINITE_RECURSION = YES;
				CLANG_WARN_INT_CONVERSION = YES;
				CLANG_WARN_OBJC_ROOT_CLASS = YES_ERROR;
				CLANG_WARN_RANGE_LOOP_ANALYSIS = YES;
				CLANG_WARN_STRICT_PROTOTYPES = YES;
				CLANG_WARN_SUSPICIOUS_MOVE = YES;
				CLANG_WARN_UNGUARDED_AVAILABILITY = YES_AGGRESSIVE;
				CLANG_WARN_UNREACHABLE_CODE = YES;
				CLANG_WARN__DUPLICATE_METHOD_MATCH = YES;
				CODE_SIGN_IDENTITY = "iPhone Developer";
				COPY_PHASE_STRIP = NO;
				DEBUG_INFORMATION_FORMAT = dwarf;
				ENABLE_STRICT_OBJC_MSGSEND = YES;
				ENABLE_TESTABILITY = YES;
				GCC_C_LANGUAGE_STANDARD = gnu11;
				GCC_DYNAMIC_NO_PIC = NO;
				GCC_NO_COMMON_BLOCKS = YES;
				GCC_OPTIMIZATION_LEVEL = 0;
				GCC_PREPROCESSOR_DEFINITIONS = (
					"DEBUG=1",
					"$(inherited)",
				);
				GCC_WARN_64_TO_32_BIT_CONVERSION = YES;
				GCC_WARN_ABOUT_RETURN_TYPE = YES_ERROR;
				GCC_WARN_UNDECLARED_SELECTOR = YES;
				GCC_WARN_UNINITIALIZED_AUTOS = YES_AGGRESSIVE;
				GCC_WARN_UNUSED_FUNCTION = YES;
				GCC_WARN_UNUSED_VARIABLE = YES;
				IPHONEOS_DEPLOYMENT_TARGET = 11.0;
				MTL_ENABLE_DEBUG_INFO = YES;
				ONLY_ACTIVE_ARCH = YES;
				SDKROOT = iphoneos;
				SWIFT_ACTIVE_COMPILATION_CONDITIONS = DEBUG;
				SWIFT_OPTIMIZATION_LEVEL = "-Onone";
			};
			name = Debug;
		};
		1557DB0B1EE8AEFA00A7BF21 /* Release */ = {
			isa = XCBuildConfiguration;
			buildSettings = {
				ALWAYS_SEARCH_USER_PATHS = NO;
				CLANG_ANALYZER_NONNULL = YES;
				CLANG_ANALYZER_NUMBER_OBJECT_CONVERSION = YES_AGGRESSIVE;
				CLANG_CXX_LANGUAGE_STANDARD = "gnu++14";
				CLANG_CXX_LIBRARY = "libc++";
				CLANG_ENABLE_MODULES = YES;
				CLANG_ENABLE_OBJC_ARC = YES;
				CLANG_WARN_BLOCK_CAPTURE_AUTORELEASING = YES;
				CLANG_WARN_BOOL_CONVERSION = YES;
				CLANG_WARN_COMMA = YES;
				CLANG_WARN_CONSTANT_CONVERSION = YES;
				CLANG_WARN_DIRECT_OBJC_ISA_USAGE = YES_ERROR;
				CLANG_WARN_DOCUMENTATION_COMMENTS = YES;
				CLANG_WARN_EMPTY_BODY = YES;
				CLANG_WARN_ENUM_CONVERSION = YES;
				CLANG_WARN_INFINITE_RECURSION = YES;
				CLANG_WARN_INT_CONVERSION = YES;
				CLANG_WARN_OBJC_ROOT_CLASS = YES_ERROR;
				CLANG_WARN_RANGE_LOOP_ANALYSIS = YES;
				CLANG_WARN_STRICT_PROTOTYPES = YES;
				CLANG_WARN_SUSPICIOUS_MOVE = YES;
				CLANG_WARN_UNGUARDED_AVAILABILITY = YES_AGGRESSIVE;
				CLANG_WARN_UNREACHABLE_CODE = YES;
				CLANG_WARN__DUPLICATE_METHOD_MATCH = YES;
				CODE_SIGN_IDENTITY = "iPhone Developer";
				COPY_PHASE_STRIP = NO;
				DEBUG_INFORMATION_FORMAT = "dwarf-with-dsym";
				ENABLE_NS_ASSERTIONS = NO;
				ENABLE_STRICT_OBJC_MSGSEND = YES;
				GCC_C_LANGUAGE_STANDARD = gnu11;
				GCC_NO_COMMON_BLOCKS = YES;
				GCC_WARN_64_TO_32_BIT_CONVERSION = YES;
				GCC_WARN_ABOUT_RETURN_TYPE = YES_ERROR;
				GCC_WARN_UNDECLARED_SELECTOR = YES;
				GCC_WARN_UNINITIALIZED_AUTOS = YES_AGGRESSIVE;
				GCC_WARN_UNUSED_FUNCTION = YES;
				GCC_WARN_UNUSED_VARIABLE = YES;
				IPHONEOS_DEPLOYMENT_TARGET = 11.0;
				MTL_ENABLE_DEBUG_INFO = NO;
				SDKROOT = iphoneos;
				SWIFT_OPTIMIZATION_LEVEL = "-Owholemodule";
				VALIDATE_PRODUCT = YES;
			};
			name = Release;
		};
		1557DB0D1EE8AEFA00A7BF21 /* Debug */ = {
			isa = XCBuildConfiguration;
			buildSettings = {
				ASSETCATALOG_COMPILER_APPICON_NAME = AppIcon;
				DEVELOPMENT_TEAM = JF7AWS3M92;
				INFOPLIST_FILE = "$(SRCROOT)/Supporting/Info.plist";
				LD_RUNPATH_SEARCH_PATHS = "$(inherited) @executable_path/Frameworks";
				PRODUCT_BUNDLE_IDENTIFIER = com.scalessec.machinelearningclassifier;
				PRODUCT_NAME = "$(TARGET_NAME)";
				SWIFT_VERSION = 4.0;
				TARGETED_DEVICE_FAMILY = "1,2";
			};
			name = Debug;
		};
		1557DB0E1EE8AEFA00A7BF21 /* Release */ = {
			isa = XCBuildConfiguration;
			buildSettings = {
				ASSETCATALOG_COMPILER_APPICON_NAME = AppIcon;
				DEVELOPMENT_TEAM = JF7AWS3M92;
				INFOPLIST_FILE = "$(SRCROOT)/Supporting/Info.plist";
				LD_RUNPATH_SEARCH_PATHS = "$(inherited) @executable_path/Frameworks";
				PRODUCT_BUNDLE_IDENTIFIER = com.scalessec.machinelearningclassifier;
				PRODUCT_NAME = "$(TARGET_NAME)";
				SWIFT_VERSION = 4.0;
				TARGETED_DEVICE_FAMILY = "1,2";
			};
			name = Release;
		};
/* End XCBuildConfiguration section */

/* Begin XCConfigurationList section */
		1557DAF51EE8AEF900A7BF21 /* Build configuration list for PBXProject "MachineLearningClassifier" */ = {
			isa = XCConfigurationList;
			buildConfigurations = (
				1557DB0A1EE8AEFA00A7BF21 /* Debug */,
				1557DB0B1EE8AEFA00A7BF21 /* Release */,
			);
			defaultConfigurationIsVisible = 0;
			defaultConfigurationName = Release;
		};
		1557DB0C1EE8AEFA00A7BF21 /* Build configuration list for PBXNativeTarget "MachineLearningClassifier" */ = {
			isa = XCConfigurationList;
			buildConfigurations = (
				1557DB0D1EE8AEFA00A7BF21 /* Debug */,
				1557DB0E1EE8AEFA00A7BF21 /* Release */,
			);
			defaultConfigurationIsVisible = 0;
			defaultConfigurationName = Release;
		};
/* End XCConfigurationList section */
	};
	rootObject = 1557DAF21EE8AEF900A7BF21 /* Project object */;
}
